
Microsoft Visual Studio Solution File, Format Version 12.00
# Visual Studio 15
VisualStudioVersion = 15.0.26730.16
MinimumVisualStudioVersion = 10.0.40219.1
Project("{FAE04EC0-301F-11D3-BF4B-00C04F79EFBC}") = "RoslynFun", "RoslynFun\RoslynFun\RoslynFun.csproj", "{DBAC36D0-3119-40DD-8550-F4F30D2426EB}"
EndProject
Project("{FAE04EC0-301F-11D3-BF4B-00C04F79EFBC}") = "RoslynFun.Test", "RoslynFun\RoslynFun.Test\RoslynFun.Test.csproj", "{B2E12393-2688-42FD-8A04-46DE4718694D}"
EndProject
Project("{FAE04EC0-301F-11D3-BF4B-00C04F79EFBC}") = "RoslynFun.Vsix", "RoslynFun\RoslynFun.Vsix\RoslynFun.Vsix.csproj", "{5760AAC7-30B2-4F47-9603-357D322DA231}"
EndProject
Global
	GlobalSection(SolutionConfigurationPlatforms) = preSolution
		Debug|Any CPU = Debug|Any CPU
		Release|Any CPU = Release|Any CPU
	EndGlobalSection
	GlobalSection(ProjectConfigurationPlatforms) = postSolution
		{DBAC36D0-3119-40DD-8550-F4F30D2426EB}.Debug|Any CPU.ActiveCfg = Debug|Any CPU
		{DBAC36D0-3119-40DD-8550-F4F30D2426EB}.Debug|Any CPU.Build.0 = Debug|Any CPU
		{DBAC36D0-3119-40DD-8550-F4F30D2426EB}.Release|Any CPU.ActiveCfg = Release|Any CPU
		{DBAC36D0-3119-40DD-8550-F4F30D2426EB}.Release|Any CPU.Build.0 = Release|Any CPU
		{B2E12393-2688-42FD-8A04-46DE4718694D}.Debug|Any CPU.ActiveCfg = Debug|Any CPU
		{B2E12393-2688-42FD-8A04-46DE4718694D}.Debug|Any CPU.Build.0 = Debug|Any CPU
		{B2E12393-2688-42FD-8A04-46DE4718694D}.Release|Any CPU.ActiveCfg = Release|Any CPU
		{B2E12393-2688-42FD-8A04-46DE4718694D}.Release|Any CPU.Build.0 = Release|Any CPU
		{5760AAC7-30B2-4F47-9603-357D322DA231}.Debug|Any CPU.ActiveCfg = Debug|Any CPU
		{5760AAC7-30B2-4F47-9603-357D322DA231}.Debug|Any CPU.Build.0 = Debug|Any CPU
		{5760AAC7-30B2-4F47-9603-357D322DA231}.Release|Any CPU.ActiveCfg = Release|Any CPU
		{5760AAC7-30B2-4F47-9603-357D322DA231}.Release|Any CPU.Build.0 = Release|Any CPU
	EndGlobalSection
	GlobalSection(SolutionProperties) = preSolution
		HideSolutionNode = FALSE
	EndGlobalSection
	GlobalSection(ExtensibilityGlobals) = postSolution
		SolutionGuid = {0C361C92-A979-4C46-9413-3F95B7697C8F}
	EndGlobalSection
EndGlobal
